// !$*UTF8*$!
{
	archiveVersion = 1;
	classes = {
	};
	objectVersion = 55;
	objects = {

/* Begin PBXBuildFile section */
		401F319C285D165E005C3806 /* LunchCalculatorApp.swift in Sources */ = {isa = PBXBuildFile; fileRef = 401F319B285D165E005C3806 /* LunchCalculatorApp.swift */; };
		401F319E285D165E005C3806 /* ReceiptView.swift in Sources */ = {isa = PBXBuildFile; fileRef = 401F319D285D165E005C3806 /* ReceiptView.swift */; };
		401F31A0285D165E005C3806 /* Assets.xcassets in Resources */ = {isa = PBXBuildFile; fileRef = 401F319F285D165E005C3806 /* Assets.xcassets */; };
		401F31A3285D165E005C3806 /* Preview Assets.xcassets in Resources */ = {isa = PBXBuildFile; fileRef = 401F31A2285D165E005C3806 /* Preview Assets.xcassets */; };
		401F31AD285D165F005C3806 /* LunchCalculatorTests.swift in Sources */ = {isa = PBXBuildFile; fileRef = 401F31AC285D165F005C3806 /* LunchCalculatorTests.swift */; };
		401F31B7285D165F005C3806 /* LunchCalculatorUITests.swift in Sources */ = {isa = PBXBuildFile; fileRef = 401F31B6285D165F005C3806 /* LunchCalculatorUITests.swift */; };
		401F31B9285D165F005C3806 /* LunchCalculatorUITestsLaunchTests.swift in Sources */ = {isa = PBXBuildFile; fileRef = 401F31B8285D165F005C3806 /* LunchCalculatorUITestsLaunchTests.swift */; };
		401F31C6285D2766005C3806 /* CreateEditFood.swift in Sources */ = {isa = PBXBuildFile; fileRef = 401F31C5285D2766005C3806 /* CreateEditFood.swift */; };
		401F31C9285D27A2005C3806 /* CreatePersonView.swift in Sources */ = {isa = PBXBuildFile; fileRef = 401F31C8285D27A2005C3806 /* CreatePersonView.swift */; };
		401F31CB285D27C5005C3806 /* Objects.swift in Sources */ = {isa = PBXBuildFile; fileRef = 401F31CA285D27C5005C3806 /* Objects.swift */; };
		401F31CD285D27E0005C3806 /* ThemeModel.swift in Sources */ = {isa = PBXBuildFile; fileRef = 401F31CC285D27E0005C3806 /* ThemeModel.swift */; };
		404D45C8285E0F9900BBA36E /* Main.xcdatamodeld in Sources */ = {isa = PBXBuildFile; fileRef = 404D45C6285E0F9900BBA36E /* Main.xcdatamodeld */; };
		404D45CA285E12F300BBA36E /* DataController.swift in Sources */ = {isa = PBXBuildFile; fileRef = 404D45C9285E12F300BBA36E /* DataController.swift */; };
		404D45CC285E151D00BBA36E /* CreateEditFood_Model.swift in Sources */ = {isa = PBXBuildFile; fileRef = 404D45CB285E151D00BBA36E /* CreateEditFood_Model.swift */; };
		404D45CE285E219000BBA36E /* CreatePersonView_Model.swift in Sources */ = {isa = PBXBuildFile; fileRef = 404D45CD285E219000BBA36E /* CreatePersonView_Model.swift */; };
		405A87D5285E34CF004D1DB5 /* ReceiptView_Model.swift in Sources */ = {isa = PBXBuildFile; fileRef = 405A87D4285E34CF004D1DB5 /* ReceiptView_Model.swift */; };
		405A87D7285EA964004D1DB5 /* HomeContainerView.swift in Sources */ = {isa = PBXBuildFile; fileRef = 405A87D6285EA964004D1DB5 /* HomeContainerView.swift */; };
		405A87D9285EA990004D1DB5 /* HomeContainerView_Model.swift in Sources */ = {isa = PBXBuildFile; fileRef = 405A87D8285EA990004D1DB5 /* HomeContainerView_Model.swift */; };
		405A87DB285EC961004D1DB5 /* HistoryView.swift in Sources */ = {isa = PBXBuildFile; fileRef = 405A87DA285EC961004D1DB5 /* HistoryView.swift */; };
		405A87DD285EC978004D1DB5 /* HistoryView_Model.swift in Sources */ = {isa = PBXBuildFile; fileRef = 405A87DC285EC978004D1DB5 /* HistoryView_Model.swift */; };
		40F16FF52865271600141F0E /* AllPeopleView.swift in Sources */ = {isa = PBXBuildFile; fileRef = 40F16FF42865271600141F0E /* AllPeopleView.swift */; };
		40F16FF7286527B800141F0E /* AllPeopleView_Model.swift in Sources */ = {isa = PBXBuildFile; fileRef = 40F16FF6286527B800141F0E /* AllPeopleView_Model.swift */; };
		40F16FFD2865297E00141F0E /* PeoplePickerView.swift in Sources */ = {isa = PBXBuildFile; fileRef = 40F16FFC2865297E00141F0E /* PeoplePickerView.swift */; };
		40F16FFF286529BD00141F0E /* PeoplePickerView_Model.swift in Sources */ = {isa = PBXBuildFile; fileRef = 40F16FFE286529BD00141F0E /* PeoplePickerView_Model.swift */; };
		40F1700128652B1000141F0E /* SelectPersonView.swift in Sources */ = {isa = PBXBuildFile; fileRef = 40F1700028652B1000141F0E /* SelectPersonView.swift */; };
		40F1700328652D7D00141F0E /* AllFoodView.swift in Sources */ = {isa = PBXBuildFile; fileRef = 40F1700228652D7D00141F0E /* AllFoodView.swift */; };
		40F1700528652D8B00141F0E /* AllFoodView_Model.swift in Sources */ = {isa = PBXBuildFile; fileRef = 40F1700428652D8B00141F0E /* AllFoodView_Model.swift */; };
		40F170072866735100141F0E /* CreateRestaurantView.swift in Sources */ = {isa = PBXBuildFile; fileRef = 40F170062866735100141F0E /* CreateRestaurantView.swift */; };
		40F17009286756CD00141F0E /* Extensions.swift in Sources */ = {isa = PBXBuildFile; fileRef = 40F17008286756CD00141F0E /* Extensions.swift */; };
		40F1700B286D17BB00141F0E /* SinglePersonView.swift in Sources */ = {isa = PBXBuildFile; fileRef = 40F1700A286D17BB00141F0E /* SinglePersonView.swift */; };
/* End PBXBuildFile section */

/* Begin PBXContainerItemProxy section */
		401F31A9285D165F005C3806 /* PBXContainerItemProxy */ = {
			isa = PBXContainerItemProxy;
			containerPortal = 401F3190285D165E005C3806 /* Project object */;
			proxyType = 1;
			remoteGlobalIDString = 401F3197285D165E005C3806;
			remoteInfo = LunchCalculator;
		};
		401F31B3285D165F005C3806 /* PBXContainerItemProxy */ = {
			isa = PBXContainerItemProxy;
			containerPortal = 401F3190285D165E005C3806 /* Project object */;
			proxyType = 1;
			remoteGlobalIDString = 401F3197285D165E005C3806;
			remoteInfo = LunchCalculator;
		};
/* End PBXContainerItemProxy section */

/* Begin PBXFileReference section */
		401F3198285D165E005C3806 /* LunchCalculator.app */ = {isa = PBXFileReference; explicitFileType = wrapper.application; includeInIndex = 0; path = LunchCalculator.app; sourceTree = BUILT_PRODUCTS_DIR; };
		401F319B285D165E005C3806 /* LunchCalculatorApp.swift */ = {isa = PBXFileReference; lastKnownFileType = sourcecode.swift; path = LunchCalculatorApp.swift; sourceTree = "<group>"; };
		401F319D285D165E005C3806 /* ReceiptView.swift */ = {isa = PBXFileReference; lastKnownFileType = sourcecode.swift; path = ReceiptView.swift; sourceTree = "<group>"; };
		401F319F285D165E005C3806 /* Assets.xcassets */ = {isa = PBXFileReference; lastKnownFileType = folder.assetcatalog; path = Assets.xcassets; sourceTree = "<group>"; };
		401F31A2285D165E005C3806 /* Preview Assets.xcassets */ = {isa = PBXFileReference; lastKnownFileType = folder.assetcatalog; path = "Preview Assets.xcassets"; sourceTree = "<group>"; };
		401F31A8285D165F005C3806 /* LunchCalculatorTests.xctest */ = {isa = PBXFileReference; explicitFileType = wrapper.cfbundle; includeInIndex = 0; path = LunchCalculatorTests.xctest; sourceTree = BUILT_PRODUCTS_DIR; };
		401F31AC285D165F005C3806 /* LunchCalculatorTests.swift */ = {isa = PBXFileReference; lastKnownFileType = sourcecode.swift; path = LunchCalculatorTests.swift; sourceTree = "<group>"; };
		401F31B2285D165F005C3806 /* LunchCalculatorUITests.xctest */ = {isa = PBXFileReference; explicitFileType = wrapper.cfbundle; includeInIndex = 0; path = LunchCalculatorUITests.xctest; sourceTree = BUILT_PRODUCTS_DIR; };
		401F31B6285D165F005C3806 /* LunchCalculatorUITests.swift */ = {isa = PBXFileReference; lastKnownFileType = sourcecode.swift; path = LunchCalculatorUITests.swift; sourceTree = "<group>"; };
		401F31B8285D165F005C3806 /* LunchCalculatorUITestsLaunchTests.swift */ = {isa = PBXFileReference; lastKnownFileType = sourcecode.swift; path = LunchCalculatorUITestsLaunchTests.swift; sourceTree = "<group>"; };
		401F31C5285D2766005C3806 /* CreateEditFood.swift */ = {isa = PBXFileReference; lastKnownFileType = sourcecode.swift; path = CreateEditFood.swift; sourceTree = "<group>"; };
		401F31C8285D27A2005C3806 /* CreatePersonView.swift */ = {isa = PBXFileReference; lastKnownFileType = sourcecode.swift; path = CreatePersonView.swift; sourceTree = "<group>"; };
		401F31CA285D27C5005C3806 /* Objects.swift */ = {isa = PBXFileReference; lastKnownFileType = sourcecode.swift; path = Objects.swift; sourceTree = "<group>"; };
		401F31CC285D27E0005C3806 /* ThemeModel.swift */ = {isa = PBXFileReference; lastKnownFileType = sourcecode.swift; path = ThemeModel.swift; sourceTree = "<group>"; };
		404D45C7285E0F9900BBA36E /* Main.xcdatamodel */ = {isa = PBXFileReference; lastKnownFileType = wrapper.xcdatamodel; path = Main.xcdatamodel; sourceTree = "<group>"; };
		404D45C9285E12F300BBA36E /* DataController.swift */ = {isa = PBXFileReference; lastKnownFileType = sourcecode.swift; path = DataController.swift; sourceTree = "<group>"; };
		404D45CB285E151D00BBA36E /* CreateEditFood_Model.swift */ = {isa = PBXFileReference; lastKnownFileType = sourcecode.swift; path = CreateEditFood_Model.swift; sourceTree = "<group>"; };
		404D45CD285E219000BBA36E /* CreatePersonView_Model.swift */ = {isa = PBXFileReference; lastKnownFileType = sourcecode.swift; path = CreatePersonView_Model.swift; sourceTree = "<group>"; };
		405A87D4285E34CF004D1DB5 /* ReceiptView_Model.swift */ = {isa = PBXFileReference; lastKnownFileType = sourcecode.swift; path = ReceiptView_Model.swift; sourceTree = "<group>"; };
		405A87D6285EA964004D1DB5 /* HomeContainerView.swift */ = {isa = PBXFileReference; lastKnownFileType = sourcecode.swift; path = HomeContainerView.swift; sourceTree = "<group>"; };
		405A87D8285EA990004D1DB5 /* HomeContainerView_Model.swift */ = {isa = PBXFileReference; lastKnownFileType = sourcecode.swift; path = HomeContainerView_Model.swift; sourceTree = "<group>"; };
		405A87DA285EC961004D1DB5 /* HistoryView.swift */ = {isa = PBXFileReference; lastKnownFileType = sourcecode.swift; path = HistoryView.swift; sourceTree = "<group>"; };
		405A87DC285EC978004D1DB5 /* HistoryView_Model.swift */ = {isa = PBXFileReference; lastKnownFileType = sourcecode.swift; path = HistoryView_Model.swift; sourceTree = "<group>"; };
		40F16FF42865271600141F0E /* AllPeopleView.swift */ = {isa = PBXFileReference; lastKnownFileType = sourcecode.swift; path = AllPeopleView.swift; sourceTree = "<group>"; };
		40F16FF6286527B800141F0E /* AllPeopleView_Model.swift */ = {isa = PBXFileReference; lastKnownFileType = sourcecode.swift; path = AllPeopleView_Model.swift; sourceTree = "<group>"; };
		40F16FFC2865297E00141F0E /* PeoplePickerView.swift */ = {isa = PBXFileReference; lastKnownFileType = sourcecode.swift; name = PeoplePickerView.swift; path = LunchCalculator/Views/Person/PeoplePickerView.swift; sourceTree = SOURCE_ROOT; };
		40F16FFE286529BD00141F0E /* PeoplePickerView_Model.swift */ = {isa = PBXFileReference; lastKnownFileType = sourcecode.swift; path = PeoplePickerView_Model.swift; sourceTree = "<group>"; };
		40F1700028652B1000141F0E /* SelectPersonView.swift */ = {isa = PBXFileReference; lastKnownFileType = sourcecode.swift; path = SelectPersonView.swift; sourceTree = "<group>"; };
		40F1700228652D7D00141F0E /* AllFoodView.swift */ = {isa = PBXFileReference; lastKnownFileType = sourcecode.swift; path = AllFoodView.swift; sourceTree = "<group>"; };
		40F1700428652D8B00141F0E /* AllFoodView_Model.swift */ = {isa = PBXFileReference; lastKnownFileType = sourcecode.swift; path = AllFoodView_Model.swift; sourceTree = "<group>"; };
		40F170062866735100141F0E /* CreateRestaurantView.swift */ = {isa = PBXFileReference; lastKnownFileType = sourcecode.swift; path = CreateRestaurantView.swift; sourceTree = "<group>"; };
		40F17008286756CD00141F0E /* Extensions.swift */ = {isa = PBXFileReference; lastKnownFileType = sourcecode.swift; path = Extensions.swift; sourceTree = "<group>"; };
		40F1700A286D17BB00141F0E /* SinglePersonView.swift */ = {isa = PBXFileReference; lastKnownFileType = sourcecode.swift; path = SinglePersonView.swift; sourceTree = "<group>"; };
/* End PBXFileReference section */

/* Begin PBXFrameworksBuildPhase section */
		401F3195285D165E005C3806 /* Frameworks */ = {
			isa = PBXFrameworksBuildPhase;
			buildActionMask = 2147483647;
			files = (
			);
			runOnlyForDeploymentPostprocessing = 0;
		};
		401F31A5285D165F005C3806 /* Frameworks */ = {
			isa = PBXFrameworksBuildPhase;
			buildActionMask = 2147483647;
			files = (
			);
			runOnlyForDeploymentPostprocessing = 0;
		};
		401F31AF285D165F005C3806 /* Frameworks */ = {
			isa = PBXFrameworksBuildPhase;
			buildActionMask = 2147483647;
			files = (
			);
			runOnlyForDeploymentPostprocessing = 0;
		};
/* End PBXFrameworksBuildPhase section */

/* Begin PBXGroup section */
		401F318F285D165E005C3806 = {
			isa = PBXGroup;
			children = (
				401F319A285D165E005C3806 /* LunchCalculator */,
				401F31AB285D165F005C3806 /* LunchCalculatorTests */,
				401F31B5285D165F005C3806 /* LunchCalculatorUITests */,
				401F3199285D165E005C3806 /* Products */,
			);
			sourceTree = "<group>";
		};
		401F3199285D165E005C3806 /* Products */ = {
			isa = PBXGroup;
			children = (
				401F3198285D165E005C3806 /* LunchCalculator.app */,
				401F31A8285D165F005C3806 /* LunchCalculatorTests.xctest */,
				401F31B2285D165F005C3806 /* LunchCalculatorUITests.xctest */,
			);
			name = Products;
			sourceTree = "<group>";
		};
		401F319A285D165E005C3806 /* LunchCalculator */ = {
			isa = PBXGroup;
			children = (
				404D45C6285E0F9900BBA36E /* Main.xcdatamodeld */,
				40F170062866735100141F0E /* CreateRestaurantView.swift */,
				401F319B285D165E005C3806 /* LunchCalculatorApp.swift */,
				404D45C9285E12F300BBA36E /* DataController.swift */,
				401F31CC285D27E0005C3806 /* ThemeModel.swift */,
				401F31CA285D27C5005C3806 /* Objects.swift */,
				40F17008286756CD00141F0E /* Extensions.swift */,
				401F31C7285D278C005C3806 /* Views */,
				401F319F285D165E005C3806 /* Assets.xcassets */,
				401F31A1285D165E005C3806 /* Preview Content */,
			);
			path = LunchCalculator;
			sourceTree = "<group>";
		};
		401F31A1285D165E005C3806 /* Preview Content */ = {
			isa = PBXGroup;
			children = (
				401F31A2285D165E005C3806 /* Preview Assets.xcassets */,
			);
			path = "Preview Content";
			sourceTree = "<group>";
		};
		401F31AB285D165F005C3806 /* LunchCalculatorTests */ = {
			isa = PBXGroup;
			children = (
				401F31AC285D165F005C3806 /* LunchCalculatorTests.swift */,
			);
			path = LunchCalculatorTests;
			sourceTree = "<group>";
		};
		401F31B5285D165F005C3806 /* LunchCalculatorUITests */ = {
			isa = PBXGroup;
			children = (
				401F31B6285D165F005C3806 /* LunchCalculatorUITests.swift */,
				401F31B8285D165F005C3806 /* LunchCalculatorUITestsLaunchTests.swift */,
			);
			path = LunchCalculatorUITests;
			sourceTree = "<group>";
		};
		401F31C7285D278C005C3806 /* Views */ = {
			isa = PBXGroup;
			children = (
				405A87D6285EA964004D1DB5 /* HomeContainerView.swift */,
				405A87D8285EA990004D1DB5 /* HomeContainerView_Model.swift */,
				40F16FFB2865294E00141F0E /* Food */,
				40F16FF92865292000141F0E /* Receipts */,
				40F16FF82865291300141F0E /* Person */,
			);
			path = Views;
			sourceTree = "<group>";
		};
		40F16FF82865291300141F0E /* Person */ = {
			isa = PBXGroup;
			children = (
				40F16FFE286529BD00141F0E /* PeoplePickerView_Model.swift */,
				40F16FFC2865297E00141F0E /* PeoplePickerView.swift */,
				40F1700028652B1000141F0E /* SelectPersonView.swift */,
				40F1700A286D17BB00141F0E /* SinglePersonView.swift */,
				401F31C8285D27A2005C3806 /* CreatePersonView.swift */,
				404D45CD285E219000BBA36E /* CreatePersonView_Model.swift */,
				40F16FF42865271600141F0E /* AllPeopleView.swift */,
				40F16FF6286527B800141F0E /* AllPeopleView_Model.swift */,
			);
			path = Person;
			sourceTree = "<group>";
		};
		40F16FF92865292000141F0E /* Receipts */ = {
			isa = PBXGroup;
			children = (
				405A87DA285EC961004D1DB5 /* HistoryView.swift */,
				405A87DC285EC978004D1DB5 /* HistoryView_Model.swift */,
				401F319D285D165E005C3806 /* ReceiptView.swift */,
				405A87D4285E34CF004D1DB5 /* ReceiptView_Model.swift */,
			);
			path = Receipts;
			sourceTree = "<group>";
		};
		40F16FFB2865294E00141F0E /* Food */ = {
			isa = PBXGroup;
			children = (
				40F1700228652D7D00141F0E /* AllFoodView.swift */,
				40F1700428652D8B00141F0E /* AllFoodView_Model.swift */,
				404D45CB285E151D00BBA36E /* CreateEditFood_Model.swift */,
				401F31C5285D2766005C3806 /* CreateEditFood.swift */,
			);
			path = Food;
			sourceTree = "<group>";
		};
/* End PBXGroup section */

/* Begin PBXNativeTarget section */
		401F3197285D165E005C3806 /* LunchCalculator */ = {
			isa = PBXNativeTarget;
			buildConfigurationList = 401F31BC285D165F005C3806 /* Build configuration list for PBXNativeTarget "LunchCalculator" */;
			buildPhases = (
				401F3194285D165E005C3806 /* Sources */,
				401F3195285D165E005C3806 /* Frameworks */,
				401F3196285D165E005C3806 /* Resources */,
			);
			buildRules = (
			);
			dependencies = (
			);
			name = LunchCalculator;
			productName = LunchCalculator;
			productReference = 401F3198285D165E005C3806 /* LunchCalculator.app */;
			productType = "com.apple.product-type.application";
		};
		401F31A7285D165F005C3806 /* LunchCalculatorTests */ = {
			isa = PBXNativeTarget;
			buildConfigurationList = 401F31BF285D165F005C3806 /* Build configuration list for PBXNativeTarget "LunchCalculatorTests" */;
			buildPhases = (
				401F31A4285D165F005C3806 /* Sources */,
				401F31A5285D165F005C3806 /* Frameworks */,
				401F31A6285D165F005C3806 /* Resources */,
			);
			buildRules = (
			);
			dependencies = (
				401F31AA285D165F005C3806 /* PBXTargetDependency */,
			);
			name = LunchCalculatorTests;
			productName = LunchCalculatorTests;
			productReference = 401F31A8285D165F005C3806 /* LunchCalculatorTests.xctest */;
			productType = "com.apple.product-type.bundle.unit-test";
		};
		401F31B1285D165F005C3806 /* LunchCalculatorUITests */ = {
			isa = PBXNativeTarget;
			buildConfigurationList = 401F31C2285D165F005C3806 /* Build configuration list for PBXNativeTarget "LunchCalculatorUITests" */;
			buildPhases = (
				401F31AE285D165F005C3806 /* Sources */,
				401F31AF285D165F005C3806 /* Frameworks */,
				401F31B0285D165F005C3806 /* Resources */,
			);
			buildRules = (
			);
			dependencies = (
				401F31B4285D165F005C3806 /* PBXTargetDependency */,
			);
			name = LunchCalculatorUITests;
			productName = LunchCalculatorUITests;
			productReference = 401F31B2285D165F005C3806 /* LunchCalculatorUITests.xctest */;
			productType = "com.apple.product-type.bundle.ui-testing";
		};
/* End PBXNativeTarget section */

/* Begin PBXProject section */
		401F3190285D165E005C3806 /* Project object */ = {
			isa = PBXProject;
			attributes = {
				BuildIndependentTargetsInParallel = 1;
				LastSwiftUpdateCheck = 1330;
				LastUpgradeCheck = 1330;
				TargetAttributes = {
					401F3197285D165E005C3806 = {
						CreatedOnToolsVersion = 13.3.1;
					};
					401F31A7285D165F005C3806 = {
						CreatedOnToolsVersion = 13.3.1;
						TestTargetID = 401F3197285D165E005C3806;
					};
					401F31B1285D165F005C3806 = {
						CreatedOnToolsVersion = 13.3.1;
						TestTargetID = 401F3197285D165E005C3806;
					};
				};
			};
			buildConfigurationList = 401F3193285D165E005C3806 /* Build configuration list for PBXProject "LunchCalculator" */;
			compatibilityVersion = "Xcode 13.0";
			developmentRegion = en;
			hasScannedForEncodings = 0;
			knownRegions = (
				en,
				Base,
			);
			mainGroup = 401F318F285D165E005C3806;
			productRefGroup = 401F3199285D165E005C3806 /* Products */;
			projectDirPath = "";
			projectRoot = "";
			targets = (
				401F3197285D165E005C3806 /* LunchCalculator */,
				401F31A7285D165F005C3806 /* LunchCalculatorTests */,
				401F31B1285D165F005C3806 /* LunchCalculatorUITests */,
			);
		};
/* End PBXProject section */

/* Begin PBXResourcesBuildPhase section */
		401F3196285D165E005C3806 /* Resources */ = {
			isa = PBXResourcesBuildPhase;
			buildActionMask = 2147483647;
			files = (
				401F31A3285D165E005C3806 /* Preview Assets.xcassets in Resources */,
				401F31A0285D165E005C3806 /* Assets.xcassets in Resources */,
			);
			runOnlyForDeploymentPostprocessing = 0;
		};
		401F31A6285D165F005C3806 /* Resources */ = {
			isa = PBXResourcesBuildPhase;
			buildActionMask = 2147483647;
			files = (
			);
			runOnlyForDeploymentPostprocessing = 0;
		};
		401F31B0285D165F005C3806 /* Resources */ = {
			isa = PBXResourcesBuildPhase;
			buildActionMask = 2147483647;
			files = (
			);
			runOnlyForDeploymentPostprocessing = 0;
		};
/* End PBXResourcesBuildPhase section */

/* Begin PBXSourcesBuildPhase section */
		401F3194285D165E005C3806 /* Sources */ = {
			isa = PBXSourcesBuildPhase;
			buildActionMask = 2147483647;
			files = (
				401F319E285D165E005C3806 /* ReceiptView.swift in Sources */,
				405A87D5285E34CF004D1DB5 /* ReceiptView_Model.swift in Sources */,
				401F31CB285D27C5005C3806 /* Objects.swift in Sources */,
				404D45CC285E151D00BBA36E /* CreateEditFood_Model.swift in Sources */,
				405A87DD285EC978004D1DB5 /* HistoryView_Model.swift in Sources */,
				40F170072866735100141F0E /* CreateRestaurantView.swift in Sources */,
				40F1700B286D17BB00141F0E /* SinglePersonView.swift in Sources */,
				40F1700128652B1000141F0E /* SelectPersonView.swift in Sources */,
				40F1700528652D8B00141F0E /* AllFoodView_Model.swift in Sources */,
				40F1700328652D7D00141F0E /* AllFoodView.swift in Sources */,
				405A87D9285EA990004D1DB5 /* HomeContainerView_Model.swift in Sources */,
				404D45CE285E219000BBA36E /* CreatePersonView_Model.swift in Sources */,
				40F16FF52865271600141F0E /* AllPeopleView.swift in Sources */,
				405A87D7285EA964004D1DB5 /* HomeContainerView.swift in Sources */,
				40F16FFF286529BD00141F0E /* PeoplePickerView_Model.swift in Sources */,
				405A87DB285EC961004D1DB5 /* HistoryView.swift in Sources */,
				401F31C9285D27A2005C3806 /* CreatePersonView.swift in Sources */,
				40F16FF7286527B800141F0E /* AllPeopleView_Model.swift in Sources */,
				401F31CD285D27E0005C3806 /* ThemeModel.swift in Sources */,
				404D45C8285E0F9900BBA36E /* Main.xcdatamodeld in Sources */,
				40F17009286756CD00141F0E /* Extensions.swift in Sources */,
				404D45CA285E12F300BBA36E /* DataController.swift in Sources */,
				401F31C6285D2766005C3806 /* CreateEditFood.swift in Sources */,
				401F319C285D165E005C3806 /* LunchCalculatorApp.swift in Sources */,
				40F16FFD2865297E00141F0E /* PeoplePickerView.swift in Sources */,
			);
			runOnlyForDeploymentPostprocessing = 0;
		};
		401F31A4285D165F005C3806 /* Sources */ = {
			isa = PBXSourcesBuildPhase;
			buildActionMask = 2147483647;
			files = (
				401F31AD285D165F005C3806 /* LunchCalculatorTests.swift in Sources */,
			);
			runOnlyForDeploymentPostprocessing = 0;
		};
		401F31AE285D165F005C3806 /* Sources */ = {
			isa = PBXSourcesBuildPhase;
			buildActionMask = 2147483647;
			files = (
				401F31B7285D165F005C3806 /* LunchCalculatorUITests.swift in Sources */,
				401F31B9285D165F005C3806 /* LunchCalculatorUITestsLaunchTests.swift in Sources */,
			);
			runOnlyForDeploymentPostprocessing = 0;
		};
/* End PBXSourcesBuildPhase section */

/* Begin PBXTargetDependency section */
		401F31AA285D165F005C3806 /* PBXTargetDependency */ = {
			isa = PBXTargetDependency;
			target = 401F3197285D165E005C3806 /* LunchCalculator */;
			targetProxy = 401F31A9285D165F005C3806 /* PBXContainerItemProxy */;
		};
		401F31B4285D165F005C3806 /* PBXTargetDependency */ = {
			isa = PBXTargetDependency;
			target = 401F3197285D165E005C3806 /* LunchCalculator */;
			targetProxy = 401F31B3285D165F005C3806 /* PBXContainerItemProxy */;
		};
/* End PBXTargetDependency section */

/* Begin XCBuildConfiguration section */
		401F31BA285D165F005C3806 /* Debug */ = {
			isa = XCBuildConfiguration;
			buildSettings = {
				ALWAYS_SEARCH_USER_PATHS = NO;
				CLANG_ANALYZER_NONNULL = YES;
				CLANG_ANALYZER_NUMBER_OBJECT_CONVERSION = YES_AGGRESSIVE;
				CLANG_CXX_LANGUAGE_STANDARD = "gnu++17";
				CLANG_ENABLE_MODULES = YES;
				CLANG_ENABLE_OBJC_ARC = YES;
				CLANG_ENABLE_OBJC_WEAK = YES;
				CLANG_WARN_BLOCK_CAPTURE_AUTORELEASING = YES;
				CLANG_WARN_BOOL_CONVERSION = YES;
				CLANG_WARN_COMMA = YES;
				CLANG_WARN_CONSTANT_CONVERSION = YES;
				CLANG_WARN_DEPRECATED_OBJC_IMPLEMENTATIONS = YES;
				CLANG_WARN_DIRECT_OBJC_ISA_USAGE = YES_ERROR;
				CLANG_WARN_DOCUMENTATION_COMMENTS = YES;
				CLANG_WARN_EMPTY_BODY = YES;
				CLANG_WARN_ENUM_CONVERSION = YES;
				CLANG_WARN_INFINITE_RECURSION = YES;
				CLANG_WARN_INT_CONVERSION = YES;
				CLANG_WARN_NON_LITERAL_NULL_CONVERSION = YES;
				CLANG_WARN_OBJC_IMPLICIT_RETAIN_SELF = YES;
				CLANG_WARN_OBJC_LITERAL_CONVERSION = YES;
				CLANG_WARN_OBJC_ROOT_CLASS = YES_ERROR;
				CLANG_WARN_QUOTED_INCLUDE_IN_FRAMEWORK_HEADER = YES;
				CLANG_WARN_RANGE_LOOP_ANALYSIS = YES;
				CLANG_WARN_STRICT_PROTOTYPES = YES;
				CLANG_WARN_SUSPICIOUS_MOVE = YES;
				CLANG_WARN_UNGUARDED_AVAILABILITY = YES_AGGRESSIVE;
				CLANG_WARN_UNREACHABLE_CODE = YES;
				CLANG_WARN__DUPLICATE_METHOD_MATCH = YES;
				COPY_PHASE_STRIP = NO;
				DEBUG_INFORMATION_FORMAT = dwarf;
				ENABLE_STRICT_OBJC_MSGSEND = YES;
				ENABLE_TESTABILITY = YES;
				GCC_C_LANGUAGE_STANDARD = gnu11;
				GCC_DYNAMIC_NO_PIC = NO;
				GCC_NO_COMMON_BLOCKS = YES;
				GCC_OPTIMIZATION_LEVEL = 0;
				GCC_PREPROCESSOR_DEFINITIONS = (
					"DEBUG=1",
					"$(inherited)",
				);
				GCC_WARN_64_TO_32_BIT_CONVERSION = YES;
				GCC_WARN_ABOUT_RETURN_TYPE = YES_ERROR;
				GCC_WARN_UNDECLARED_SELECTOR = YES;
				GCC_WARN_UNINITIALIZED_AUTOS = YES_AGGRESSIVE;
				GCC_WARN_UNUSED_FUNCTION = YES;
				GCC_WARN_UNUSED_VARIABLE = YES;
				IPHONEOS_DEPLOYMENT_TARGET = 15.4;
				MTL_ENABLE_DEBUG_INFO = INCLUDE_SOURCE;
				MTL_FAST_MATH = YES;
				ONLY_ACTIVE_ARCH = YES;
				SDKROOT = iphoneos;
				SWIFT_ACTIVE_COMPILATION_CONDITIONS = DEBUG;
				SWIFT_OPTIMIZATION_LEVEL = "-Onone";
			};
			name = Debug;
		};
		401F31BB285D165F005C3806 /* Release */ = {
			isa = XCBuildConfiguration;
			buildSettings = {
				ALWAYS_SEARCH_USER_PATHS = NO;
				CLANG_ANALYZER_NONNULL = YES;
				CLANG_ANALYZER_NUMBER_OBJECT_CONVERSION = YES_AGGRESSIVE;
				CLANG_CXX_LANGUAGE_STANDARD = "gnu++17";
				CLANG_ENABLE_MODULES = YES;
				CLANG_ENABLE_OBJC_ARC = YES;
				CLANG_ENABLE_OBJC_WEAK = YES;
				CLANG_WARN_BLOCK_CAPTURE_AUTORELEASING = YES;
				CLANG_WARN_BOOL_CONVERSION = YES;
				CLANG_WARN_COMMA = YES;
				CLANG_WARN_CONSTANT_CONVERSION = YES;
				CLANG_WARN_DEPRECATED_OBJC_IMPLEMENTATIONS = YES;
				CLANG_WARN_DIRECT_OBJC_ISA_USAGE = YES_ERROR;
				CLANG_WARN_DOCUMENTATION_COMMENTS = YES;
				CLANG_WARN_EMPTY_BODY = YES;
				CLANG_WARN_ENUM_CONVERSION = YES;
				CLANG_WARN_INFINITE_RECURSION = YES;
				CLANG_WARN_INT_CONVERSION = YES;
				CLANG_WARN_NON_LITERAL_NULL_CONVERSION = YES;
				CLANG_WARN_OBJC_IMPLICIT_RETAIN_SELF = YES;
				CLANG_WARN_OBJC_LITERAL_CONVERSION = YES;
				CLANG_WARN_OBJC_ROOT_CLASS = YES_ERROR;
				CLANG_WARN_QUOTED_INCLUDE_IN_FRAMEWORK_HEADER = YES;
				CLANG_WARN_RANGE_LOOP_ANALYSIS = YES;
				CLANG_WARN_STRICT_PROTOTYPES = YES;
				CLANG_WARN_SUSPICIOUS_MOVE = YES;
				CLANG_WARN_UNGUARDED_AVAILABILITY = YES_AGGRESSIVE;
				CLANG_WARN_UNREACHABLE_CODE = YES;
				CLANG_WARN__DUPLICATE_METHOD_MATCH = YES;
				COPY_PHASE_STRIP = NO;
				DEBUG_INFORMATION_FORMAT = "dwarf-with-dsym";
				ENABLE_NS_ASSERTIONS = NO;
				ENABLE_STRICT_OBJC_MSGSEND = YES;
				GCC_C_LANGUAGE_STANDARD = gnu11;
				GCC_NO_COMMON_BLOCKS = YES;
				GCC_WARN_64_TO_32_BIT_CONVERSION = YES;
				GCC_WARN_ABOUT_RETURN_TYPE = YES_ERROR;
				GCC_WARN_UNDECLARED_SELECTOR = YES;
				GCC_WARN_UNINITIALIZED_AUTOS = YES_AGGRESSIVE;
				GCC_WARN_UNUSED_FUNCTION = YES;
				GCC_WARN_UNUSED_VARIABLE = YES;
				IPHONEOS_DEPLOYMENT_TARGET = 15.4;
				MTL_ENABLE_DEBUG_INFO = NO;
				MTL_FAST_MATH = YES;
				SDKROOT = iphoneos;
				SWIFT_COMPILATION_MODE = wholemodule;
				SWIFT_OPTIMIZATION_LEVEL = "-O";
				VALIDATE_PRODUCT = YES;
			};
			name = Release;
		};
		401F31BD285D165F005C3806 /* Debug */ = {
			isa = XCBuildConfiguration;
			buildSettings = {
				ASSETCATALOG_COMPILER_APPICON_NAME = AppIcon;
				ASSETCATALOG_COMPILER_GLOBAL_ACCENT_COLOR_NAME = AccentColor;
				CODE_SIGN_STYLE = Automatic;
				CURRENT_PROJECT_VERSION = 1;
				DEVELOPMENT_ASSET_PATHS = "\"LunchCalculator/Preview Content\"";
				DEVELOPMENT_TEAM = WHP94Y3BWA;
				ENABLE_PREVIEWS = YES;
				GENERATE_INFOPLIST_FILE = YES;
				INFOPLIST_KEY_UIApplicationSceneManifest_Generation = YES;
				INFOPLIST_KEY_UIApplicationSupportsIndirectInputEvents = YES;
				INFOPLIST_KEY_UILaunchScreen_Generation = YES;
				INFOPLIST_KEY_UISupportedInterfaceOrientations_iPad = "UIInterfaceOrientationPortrait UIInterfaceOrientationPortraitUpsideDown UIInterfaceOrientationLandscapeLeft UIInterfaceOrientationLandscapeRight";
				INFOPLIST_KEY_UISupportedInterfaceOrientations_iPhone = "UIInterfaceOrientationPortrait UIInterfaceOrientationLandscapeLeft UIInterfaceOrientationLandscapeRight";
				LD_RUNPATH_SEARCH_PATHS = (
					"$(inherited)",
					"@executable_path/Frameworks",
				);
				MARKETING_VERSION = 1.0;
				PRODUCT_BUNDLE_IDENTIFIER = me.skdf.ProjectTrendline.LunchCalculator;
				PRODUCT_NAME = "$(TARGET_NAME)";
				SWIFT_EMIT_LOC_STRINGS = YES;
				SWIFT_VERSION = 5.0;
				TARGETED_DEVICE_FAMILY = "1,2";
			};
			name = Debug;
		};
		401F31BE285D165F005C3806 /* Release */ = {
			isa = XCBuildConfiguration;
			buildSettings = {
				ASSETCATALOG_COMPILER_APPICON_NAME = AppIcon;
				ASSETCATALOG_COMPILER_GLOBAL_ACCENT_COLOR_NAME = AccentColor;
				CODE_SIGN_STYLE = Automatic;
				CURRENT_PROJECT_VERSION = 1;
				DEVELOPMENT_ASSET_PATHS = "\"LunchCalculator/Preview Content\"";
				DEVELOPMENT_TEAM = WHP94Y3BWA;
				ENABLE_PREVIEWS = YES;
				GENERATE_INFOPLIST_FILE = YES;
				INFOPLIST_KEY_UIApplicationSceneManifest_Generation = YES;
				INFOPLIST_KEY_UIApplicationSupportsIndirectInputEvents = YES;
				INFOPLIST_KEY_UILaunchScreen_Generation = YES;
				INFOPLIST_KEY_UISupportedInterfaceOrientations_iPad = "UIInterfaceOrientationPortrait UIInterfaceOrientationPortraitUpsideDown UIInterfaceOrientationLandscapeLeft UIInterfaceOrientationLandscapeRight";
				INFOPLIST_KEY_UISupportedInterfaceOrientations_iPhone = "UIInterfaceOrientationPortrait UIInterfaceOrientationLandscapeLeft UIInterfaceOrientationLandscapeRight";
				LD_RUNPATH_SEARCH_PATHS = (
					"$(inherited)",
					"@executable_path/Frameworks",
				);
				MARKETING_VERSION = 1.0;
				PRODUCT_BUNDLE_IDENTIFIER = me.skdf.ProjectTrendline.LunchCalculator;
				PRODUCT_NAME = "$(TARGET_NAME)";
				SWIFT_EMIT_LOC_STRINGS = YES;
				SWIFT_VERSION = 5.0;
				TARGETED_DEVICE_FAMILY = "1,2";
			};
			name = Release;
		};
		401F31C0285D165F005C3806 /* Debug */ = {
			isa = XCBuildConfiguration;
			buildSettings = {
				ALWAYS_EMBED_SWIFT_STANDARD_LIBRARIES = YES;
				BUNDLE_LOADER = "$(TEST_HOST)";
				CODE_SIGN_STYLE = Automatic;
				CURRENT_PROJECT_VERSION = 1;
				DEVELOPMENT_TEAM = WHP94Y3BWA;
				GENERATE_INFOPLIST_FILE = YES;
				IPHONEOS_DEPLOYMENT_TARGET = 15.4;
				MARKETING_VERSION = 1.0;
				PRODUCT_BUNDLE_IDENTIFIER = me.skdf.ProjectTrendline.LunchCalculatorTests;
				PRODUCT_NAME = "$(TARGET_NAME)";
				SWIFT_EMIT_LOC_STRINGS = NO;
				SWIFT_VERSION = 5.0;
				TARGETED_DEVICE_FAMILY = "1,2";
				TEST_HOST = "$(BUILT_PRODUCTS_DIR)/LunchCalculator.app/LunchCalculator";
			};
			name = Debug;
		};
		401F31C1285D165F005C3806 /* Release */ = {
			isa = XCBuildConfiguration;
			buildSettings = {
				ALWAYS_EMBED_SWIFT_STANDARD_LIBRARIES = YES;
				BUNDLE_LOADER = "$(TEST_HOST)";
				CODE_SIGN_STYLE = Automatic;
				CURRENT_PROJECT_VERSION = 1;
				DEVELOPMENT_TEAM = WHP94Y3BWA;
				GENERATE_INFOPLIST_FILE = YES;
				IPHONEOS_DEPLOYMENT_TARGET = 15.4;
				MARKETING_VERSION = 1.0;
				PRODUCT_BUNDLE_IDENTIFIER = me.skdf.ProjectTrendline.LunchCalculatorTests;
				PRODUCT_NAME = "$(TARGET_NAME)";
				SWIFT_EMIT_LOC_STRINGS = NO;
				SWIFT_VERSION = 5.0;
				TARGETED_DEVICE_FAMILY = "1,2";
				TEST_HOST = "$(BUILT_PRODUCTS_DIR)/LunchCalculator.app/LunchCalculator";
			};
			name = Release;
		};
		401F31C3285D165F005C3806 /* Debug */ = {
			isa = XCBuildConfiguration;
			buildSettings = {
				ALWAYS_EMBED_SWIFT_STANDARD_LIBRARIES = YES;
				CODE_SIGN_STYLE = Automatic;
				CURRENT_PROJECT_VERSION = 1;
				DEVELOPMENT_TEAM = WHP94Y3BWA;
				GENERATE_INFOPLIST_FILE = YES;
				MARKETING_VERSION = 1.0;
				PRODUCT_BUNDLE_IDENTIFIER = me.skdf.ProjectTrendline.LunchCalculatorUITests;
				PRODUCT_NAME = "$(TARGET_NAME)";
				SWIFT_EMIT_LOC_STRINGS = NO;
				SWIFT_VERSION = 5.0;
				TARGETED_DEVICE_FAMILY = "1,2";
				TEST_TARGET_NAME = LunchCalculator;
			};
			name = Debug;
		};
		401F31C4285D165F005C3806 /* Release */ = {
			isa = XCBuildConfiguration;
			buildSettings = {
				ALWAYS_EMBED_SWIFT_STANDARD_LIBRARIES = YES;
				CODE_SIGN_STYLE = Automatic;
				CURRENT_PROJECT_VERSION = 1;
				DEVELOPMENT_TEAM = WHP94Y3BWA;
				GENERATE_INFOPLIST_FILE = YES;
				MARKETING_VERSION = 1.0;
				PRODUCT_BUNDLE_IDENTIFIER = me.skdf.ProjectTrendline.LunchCalculatorUITests;
				PRODUCT_NAME = "$(TARGET_NAME)";
				SWIFT_EMIT_LOC_STRINGS = NO;
				SWIFT_VERSION = 5.0;
				TARGETED_DEVICE_FAMILY = "1,2";
				TEST_TARGET_NAME = LunchCalculator;
			};
			name = Release;
		};
/* End XCBuildConfiguration section */

/* Begin XCConfigurationList section */
		401F3193285D165E005C3806 /* Build configuration list for PBXProject "LunchCalculator" */ = {
			isa = XCConfigurationList;
			buildConfigurations = (
				401F31BA285D165F005C3806 /* Debug */,
				401F31BB285D165F005C3806 /* Release */,
			);
			defaultConfigurationIsVisible = 0;
			defaultConfigurationName = Release;
		};
		401F31BC285D165F005C3806 /* Build configuration list for PBXNativeTarget "LunchCalculator" */ = {
			isa = XCConfigurationList;
			buildConfigurations = (
				401F31BD285D165F005C3806 /* Debug */,
				401F31BE285D165F005C3806 /* Release */,
			);
			defaultConfigurationIsVisible = 0;
			defaultConfigurationName = Release;
		};
		401F31BF285D165F005C3806 /* Build configuration list for PBXNativeTarget "LunchCalculatorTests" */ = {
			isa = XCConfigurationList;
			buildConfigurations = (
				401F31C0285D165F005C3806 /* Debug */,
				401F31C1285D165F005C3806 /* Release */,
			);
			defaultConfigurationIsVisible = 0;
			defaultConfigurationName = Release;
		};
		401F31C2285D165F005C3806 /* Build configuration list for PBXNativeTarget "LunchCalculatorUITests" */ = {
			isa = XCConfigurationList;
			buildConfigurations = (
				401F31C3285D165F005C3806 /* Debug */,
				401F31C4285D165F005C3806 /* Release */,
			);
			defaultConfigurationIsVisible = 0;
			defaultConfigurationName = Release;
		};
/* End XCConfigurationList section */

/* Begin XCVersionGroup section */
		404D45C6285E0F9900BBA36E /* Main.xcdatamodeld */ = {
			isa = XCVersionGroup;
			children = (
				404D45C7285E0F9900BBA36E /* Main.xcdatamodel */,
			);
			currentVersion = 404D45C7285E0F9900BBA36E /* Main.xcdatamodel */;
			path = Main.xcdatamodeld;
			sourceTree = "<group>";
			versionGroupType = wrapper.xcdatamodel;
		};
/* End XCVersionGroup section */
	};
	rootObject = 401F3190285D165E005C3806 /* Project object */;
}
